// !$*UTF8*$!
{
	archiveVersion = 1;
	classes = {
	};
	objectVersion = 46;
	objects = {

/* Begin PBXBuildFile section */
		E93AC1F61A5C3AEA00E09F70 /* LogoSmallRain.png in Resources */ = {isa = PBXBuildFile; fileRef = E93AC1F31A5C3AEA00E09F70 /* LogoSmallRain.png */; };
		E93AC1F71A5C3AEA00E09F70 /* LogoSmallSnow.png in Resources */ = {isa = PBXBuildFile; fileRef = E93AC1F41A5C3AEA00E09F70 /* LogoSmallSnow.png */; };
		E93AC1F81A5C3AEA00E09F70 /* LogoSmallStorm.png in Resources */ = {isa = PBXBuildFile; fileRef = E93AC1F51A5C3AEA00E09F70 /* LogoSmallStorm.png */; };
		E95F80C01A55EFE10059D20C /* main.m in Sources */ = {isa = PBXBuildFile; fileRef = E95F80BF1A55EFE10059D20C /* main.m */; };
		E95F80C31A55EFE10059D20C /* AppDelegate.m in Sources */ = {isa = PBXBuildFile; fileRef = E95F80C21A55EFE10059D20C /* AppDelegate.m */; };
		E95F80C61A55EFE10059D20C /* ViewController.m in Sources */ = {isa = PBXBuildFile; fileRef = E95F80C51A55EFE10059D20C /* ViewController.m */; };
		E95F80C91A55EFE10059D20C /* Main.storyboard in Resources */ = {isa = PBXBuildFile; fileRef = E95F80C71A55EFE10059D20C /* Main.storyboard */; };
		E95F80CB1A55EFE10059D20C /* Images.xcassets in Resources */ = {isa = PBXBuildFile; fileRef = E95F80CA1A55EFE10059D20C /* Images.xcassets */; };
		E95F80CE1A55EFE10059D20C /* LaunchScreen.xib in Resources */ = {isa = PBXBuildFile; fileRef = E95F80CC1A55EFE10059D20C /* LaunchScreen.xib */; };
		E95F80DA1A55EFE10059D20C /* MarksWeatherTests.m in Sources */ = {isa = PBXBuildFile; fileRef = E95F80D91A55EFE10059D20C /* MarksWeatherTests.m */; };
		E95F81021A5600300059D20C /* Weather.m in Sources */ = {isa = PBXBuildFile; fileRef = E95F81011A5600300059D20C /* Weather.m */; };
		E96DFBCF1A564A4E0069D790 /* BackImage.png in Resources */ = {isa = PBXBuildFile; fileRef = E96DFBCD1A564A4E0069D790 /* BackImage.png */; };
		E96DFBD01A564A4E0069D790 /* NNxjwcM.png in Resources */ = {isa = PBXBuildFile; fileRef = E96DFBCE1A564A4E0069D790 /* NNxjwcM.png */; };
		E96DFBD31A5687CE0069D790 /* ViewController3.m in Sources */ = {isa = PBXBuildFile; fileRef = E96DFBD21A5687CE0069D790 /* ViewController3.m */; };
		E9946CBD1A5C3F34003852F4 /* AFHTTPRequestOperation.m in Sources */ = {isa = PBXBuildFile; fileRef = E9946CAB1A5C3F34003852F4 /* AFHTTPRequestOperation.m */; };
		E9946CBE1A5C3F34003852F4 /* AFHTTPRequestOperationManager.m in Sources */ = {isa = PBXBuildFile; fileRef = E9946CAD1A5C3F34003852F4 /* AFHTTPRequestOperationManager.m */; };
		E9946CBF1A5C3F34003852F4 /* AFHTTPSessionManager.m in Sources */ = {isa = PBXBuildFile; fileRef = E9946CAF1A5C3F34003852F4 /* AFHTTPSessionManager.m */; };
		E9946CC01A5C3F34003852F4 /* AFNetworkReachabilityManager.m in Sources */ = {isa = PBXBuildFile; fileRef = E9946CB21A5C3F34003852F4 /* AFNetworkReachabilityManager.m */; };
		E9946CC11A5C3F34003852F4 /* AFSecurityPolicy.m in Sources */ = {isa = PBXBuildFile; fileRef = E9946CB41A5C3F34003852F4 /* AFSecurityPolicy.m */; };
		E9946CC21A5C3F34003852F4 /* AFURLConnectionOperation.m in Sources */ = {isa = PBXBuildFile; fileRef = E9946CB61A5C3F34003852F4 /* AFURLConnectionOperation.m */; };
		E9946CC31A5C3F34003852F4 /* AFURLRequestSerialization.m in Sources */ = {isa = PBXBuildFile; fileRef = E9946CB81A5C3F34003852F4 /* AFURLRequestSerialization.m */; };
		E9946CC41A5C3F34003852F4 /* AFURLResponseSerialization.m in Sources */ = {isa = PBXBuildFile; fileRef = E9946CBA1A5C3F34003852F4 /* AFURLResponseSerialization.m */; };
		E9946CC51A5C3F34003852F4 /* AFURLSessionManager.m in Sources */ = {isa = PBXBuildFile; fileRef = E9946CBC1A5C3F34003852F4 /* AFURLSessionManager.m */; };
		E9EEA8F11A5C26F100AFBD3D /* LogoSmall.png in Resources */ = {isa = PBXBuildFile; fileRef = E9EEA8F01A5C26F100AFBD3D /* LogoSmall.png */; };
/* End PBXBuildFile section */

/* Begin PBXContainerItemProxy section */
		E95F80D41A55EFE10059D20C /* PBXContainerItemProxy */ = {
			isa = PBXContainerItemProxy;
			containerPortal = E95F80B21A55EFE10059D20C /* Project object */;
			proxyType = 1;
			remoteGlobalIDString = E95F80B91A55EFE10059D20C;
			remoteInfo = MarksWeather;
		};
/* End PBXContainerItemProxy section */

/* Begin PBXFileReference section */
		E93AC1F31A5C3AEA00E09F70 /* LogoSmallRain.png */ = {isa = PBXFileReference; lastKnownFileType = image.png; name = LogoSmallRain.png; path = MarksWeather/LogoSmallRain.png; sourceTree = "<group>"; };
		E93AC1F41A5C3AEA00E09F70 /* LogoSmallSnow.png */ = {isa = PBXFileReference; lastKnownFileType = image.png; name = LogoSmallSnow.png; path = MarksWeather/LogoSmallSnow.png; sourceTree = "<group>"; };
		E93AC1F51A5C3AEA00E09F70 /* LogoSmallStorm.png */ = {isa = PBXFileReference; lastKnownFileType = image.png; name = LogoSmallStorm.png; path = MarksWeather/LogoSmallStorm.png; sourceTree = "<group>"; };
		E95F80BA1A55EFE10059D20C /* MarksWeather.app */ = {isa = PBXFileReference; explicitFileType = wrapper.application; includeInIndex = 0; path = MarksWeather.app; sourceTree = BUILT_PRODUCTS_DIR; };
		E95F80BE1A55EFE10059D20C /* Info.plist */ = {isa = PBXFileReference; lastKnownFileType = text.plist.xml; path = Info.plist; sourceTree = "<group>"; };
		E95F80BF1A55EFE10059D20C /* main.m */ = {isa = PBXFileReference; lastKnownFileType = sourcecode.c.objc; path = main.m; sourceTree = "<group>"; };
		E95F80C11A55EFE10059D20C /* AppDelegate.h */ = {isa = PBXFileReference; lastKnownFileType = sourcecode.c.h; path = AppDelegate.h; sourceTree = "<group>"; };
		E95F80C21A55EFE10059D20C /* AppDelegate.m */ = {isa = PBXFileReference; lastKnownFileType = sourcecode.c.objc; path = AppDelegate.m; sourceTree = "<group>"; };
		E95F80C41A55EFE10059D20C /* ViewController.h */ = {isa = PBXFileReference; lastKnownFileType = sourcecode.c.h; path = ViewController.h; sourceTree = "<group>"; };
		E95F80C51A55EFE10059D20C /* ViewController.m */ = {isa = PBXFileReference; lastKnownFileType = sourcecode.c.objc; path = ViewController.m; sourceTree = "<group>"; };
		E95F80C81A55EFE10059D20C /* Base */ = {isa = PBXFileReference; lastKnownFileType = file.storyboard; name = Base; path = Base.lproj/Main.storyboard; sourceTree = "<group>"; };
		E95F80CA1A55EFE10059D20C /* Images.xcassets */ = {isa = PBXFileReference; lastKnownFileType = folder.assetcatalog; path = Images.xcassets; sourceTree = "<group>"; };
		E95F80CD1A55EFE10059D20C /* Base */ = {isa = PBXFileReference; lastKnownFileType = file.xib; name = Base; path = Base.lproj/LaunchScreen.xib; sourceTree = "<group>"; };
		E95F80D31A55EFE10059D20C /* MarksWeatherTests.xctest */ = {isa = PBXFileReference; explicitFileType = wrapper.cfbundle; includeInIndex = 0; path = MarksWeatherTests.xctest; sourceTree = BUILT_PRODUCTS_DIR; };
		E95F80D81A55EFE10059D20C /* Info.plist */ = {isa = PBXFileReference; lastKnownFileType = text.plist.xml; path = Info.plist; sourceTree = "<group>"; };
		E95F80D91A55EFE10059D20C /* MarksWeatherTests.m */ = {isa = PBXFileReference; lastKnownFileType = sourcecode.c.objc; path = MarksWeatherTests.m; sourceTree = "<group>"; };
		E95F81001A5600300059D20C /* Weather.h */ = {isa = PBXFileReference; fileEncoding = 4; lastKnownFileType = sourcecode.c.h; path = Weather.h; sourceTree = "<group>"; };
		E95F81011A5600300059D20C /* Weather.m */ = {isa = PBXFileReference; fileEncoding = 4; lastKnownFileType = sourcecode.c.objc; path = Weather.m; sourceTree = "<group>"; };
		E96DFBCD1A564A4E0069D790 /* BackImage.png */ = {isa = PBXFileReference; lastKnownFileType = image.png; name = BackImage.png; path = MarksWeather/BackImage.png; sourceTree = "<group>"; };
		E96DFBCE1A564A4E0069D790 /* NNxjwcM.png */ = {isa = PBXFileReference; lastKnownFileType = image.png; name = NNxjwcM.png; path = MarksWeather/NNxjwcM.png; sourceTree = "<group>"; };
		E96DFBD11A5687CE0069D790 /* ViewController3.h */ = {isa = PBXFileReference; fileEncoding = 4; lastKnownFileType = sourcecode.c.h; name = ViewController3.h; path = ../ViewController3.h; sourceTree = "<group>"; };
		E96DFBD21A5687CE0069D790 /* ViewController3.m */ = {isa = PBXFileReference; fileEncoding = 4; lastKnownFileType = sourcecode.c.objc; name = ViewController3.m; path = ../ViewController3.m; sourceTree = "<group>"; };
		E96DFBD41A56A73C0069D790 /* Foundation.framework */ = {isa = PBXFileReference; lastKnownFileType = wrapper.framework; name = Foundation.framework; path = System/Library/Frameworks/Foundation.framework; sourceTree = SDKROOT; };
		E96DFBD61A56A7510069D790 /* CoreGraphics.framework */ = {isa = PBXFileReference; lastKnownFileType = wrapper.framework; name = CoreGraphics.framework; path = System/Library/Frameworks/CoreGraphics.framework; sourceTree = SDKROOT; };
		E96DFBD81A56A75C0069D790 /* UIKit.framework */ = {isa = PBXFileReference; lastKnownFileType = wrapper.framework; name = UIKit.framework; path = System/Library/Frameworks/UIKit.framework; sourceTree = SDKROOT; };
		E9946CAA1A5C3F34003852F4 /* AFHTTPRequestOperation.h */ = {isa = PBXFileReference; fileEncoding = 4; lastKnownFileType = sourcecode.c.h; path = AFHTTPRequestOperation.h; sourceTree = "<group>"; };
		E9946CAB1A5C3F34003852F4 /* AFHTTPRequestOperation.m */ = {isa = PBXFileReference; fileEncoding = 4; lastKnownFileType = sourcecode.c.objc; path = AFHTTPRequestOperation.m; sourceTree = "<group>"; };
		E9946CAC1A5C3F34003852F4 /* AFHTTPRequestOperationManager.h */ = {isa = PBXFileReference; fileEncoding = 4; lastKnownFileType = sourcecode.c.h; path = AFHTTPRequestOperationManager.h; sourceTree = "<group>"; };
		E9946CAD1A5C3F34003852F4 /* AFHTTPRequestOperationManager.m */ = {isa = PBXFileReference; fileEncoding = 4; lastKnownFileType = sourcecode.c.objc; path = AFHTTPRequestOperationManager.m; sourceTree = "<group>"; };
		E9946CAE1A5C3F34003852F4 /* AFHTTPSessionManager.h */ = {isa = PBXFileReference; fileEncoding = 4; lastKnownFileType = sourcecode.c.h; path = AFHTTPSessionManager.h; sourceTree = "<group>"; };
		E9946CAF1A5C3F34003852F4 /* AFHTTPSessionManager.m */ = {isa = PBXFileReference; fileEncoding = 4; lastKnownFileType = sourcecode.c.objc; path = AFHTTPSessionManager.m; sourceTree = "<group>"; };
		E9946CB01A5C3F34003852F4 /* AFNetworking.h */ = {isa = PBXFileReference; fileEncoding = 4; lastKnownFileType = sourcecode.c.h; path = AFNetworking.h; sourceTree = "<group>"; };
		E9946CB11A5C3F34003852F4 /* AFNetworkReachabilityManager.h */ = {isa = PBXFileReference; fileEncoding = 4; lastKnownFileType = sourcecode.c.h; path = AFNetworkReachabilityManager.h; sourceTree = "<group>"; };
		E9946CB21A5C3F34003852F4 /* AFNetworkReachabilityManager.m */ = {isa = PBXFileReference; fileEncoding = 4; lastKnownFileType = sourcecode.c.objc; path = AFNetworkReachabilityManager.m; sourceTree = "<group>"; };
		E9946CB31A5C3F34003852F4 /* AFSecurityPolicy.h */ = {isa = PBXFileReference; fileEncoding = 4; lastKnownFileType = sourcecode.c.h; path = AFSecurityPolicy.h; sourceTree = "<group>"; };
		E9946CB41A5C3F34003852F4 /* AFSecurityPolicy.m */ = {isa = PBXFileReference; fileEncoding = 4; lastKnownFileType = sourcecode.c.objc; path = AFSecurityPolicy.m; sourceTree = "<group>"; };
		E9946CB51A5C3F34003852F4 /* AFURLConnectionOperation.h */ = {isa = PBXFileReference; fileEncoding = 4; lastKnownFileType = sourcecode.c.h; path = AFURLConnectionOperation.h; sourceTree = "<group>"; };
		E9946CB61A5C3F34003852F4 /* AFURLConnectionOperation.m */ = {isa = PBXFileReference; fileEncoding = 4; lastKnownFileType = sourcecode.c.objc; path = AFURLConnectionOperation.m; sourceTree = "<group>"; };
		E9946CB71A5C3F34003852F4 /* AFURLRequestSerialization.h */ = {isa = PBXFileReference; fileEncoding = 4; lastKnownFileType = sourcecode.c.h; path = AFURLRequestSerialization.h; sourceTree = "<group>"; };
		E9946CB81A5C3F34003852F4 /* AFURLRequestSerialization.m */ = {isa = PBXFileReference; fileEncoding = 4; lastKnownFileType = sourcecode.c.objc; path = AFURLRequestSerialization.m; sourceTree = "<group>"; };
		E9946CB91A5C3F34003852F4 /* AFURLResponseSerialization.h */ = {isa = PBXFileReference; fileEncoding = 4; lastKnownFileType = sourcecode.c.h; path = AFURLResponseSerialization.h; sourceTree = "<group>"; };
		E9946CBA1A5C3F34003852F4 /* AFURLResponseSerialization.m */ = {isa = PBXFileReference; fileEncoding = 4; lastKnownFileType = sourcecode.c.objc; path = AFURLResponseSerialization.m; sourceTree = "<group>"; };
		E9946CBB1A5C3F34003852F4 /* AFURLSessionManager.h */ = {isa = PBXFileReference; fileEncoding = 4; lastKnownFileType = sourcecode.c.h; path = AFURLSessionManager.h; sourceTree = "<group>"; };
		E9946CBC1A5C3F34003852F4 /* AFURLSessionManager.m */ = {isa = PBXFileReference; fileEncoding = 4; lastKnownFileType = sourcecode.c.objc; path = AFURLSessionManager.m; sourceTree = "<group>"; };
		E9EEA8F01A5C26F100AFBD3D /* LogoSmall.png */ = {isa = PBXFileReference; lastKnownFileType = image.png; name = LogoSmall.png; path = MarksWeather/LogoSmall.png; sourceTree = "<group>"; };
/* End PBXFileReference section */

/* Begin PBXFrameworksBuildPhase section */
		E95F80B71A55EFE10059D20C /* Frameworks */ = {
			isa = PBXFrameworksBuildPhase;
			buildActionMask = 2147483647;
			files = (
			);
			runOnlyForDeploymentPostprocessing = 0;
		};
		E95F80D01A55EFE10059D20C /* Frameworks */ = {
			isa = PBXFrameworksBuildPhase;
			buildActionMask = 2147483647;
			files = (
			);
			runOnlyForDeploymentPostprocessing = 0;
		};
/* End PBXFrameworksBuildPhase section */

/* Begin PBXGroup section */
		E95F80B11A55EFE10059D20C = {
			isa = PBXGroup;
			children = (
				E95F80BC1A55EFE10059D20C /* MarksWeather */,
				E95F80D61A55EFE10059D20C /* MarksWeatherTests */,
				E95F80BB1A55EFE10059D20C /* Products */,
				E9946CA91A5C3F33003852F4 /* AFNetworking */,
				E96DFBCD1A564A4E0069D790 /* BackImage.png */,
				E96DFBCE1A564A4E0069D790 /* NNxjwcM.png */,
				E9EEA8F01A5C26F100AFBD3D /* LogoSmall.png */,
				E93AC1F31A5C3AEA00E09F70 /* LogoSmallRain.png */,
				E93AC1F41A5C3AEA00E09F70 /* LogoSmallSnow.png */,
				E93AC1F51A5C3AEA00E09F70 /* LogoSmallStorm.png */,
				E96DFBD81A56A75C0069D790 /* UIKit.framework */,
				E96DFBD61A56A7510069D790 /* CoreGraphics.framework */,
				E96DFBD41A56A73C0069D790 /* Foundation.framework */,
			);
			sourceTree = "<group>";
		};
		E95F80BB1A55EFE10059D20C /* Products */ = {
			isa = PBXGroup;
			children = (
				E95F80BA1A55EFE10059D20C /* MarksWeather.app */,
				E95F80D31A55EFE10059D20C /* MarksWeatherTests.xctest */,
			);
			name = Products;
			sourceTree = "<group>";
		};
		E95F80BC1A55EFE10059D20C /* MarksWeather */ = {
			isa = PBXGroup;
			children = (
				E95F80C11A55EFE10059D20C /* AppDelegate.h */,
				E95F80C21A55EFE10059D20C /* AppDelegate.m */,
				E95F80C41A55EFE10059D20C /* ViewController.h */,
				E95F80C51A55EFE10059D20C /* ViewController.m */,
				E96DFBD11A5687CE0069D790 /* ViewController3.h */,
				E96DFBD21A5687CE0069D790 /* ViewController3.m */,
				E95F80C71A55EFE10059D20C /* Main.storyboard */,
				E95F81001A5600300059D20C /* Weather.h */,
				E95F81011A5600300059D20C /* Weather.m */,
				E95F80CA1A55EFE10059D20C /* Images.xcassets */,
				E95F80CC1A55EFE10059D20C /* LaunchScreen.xib */,
				E95F80BD1A55EFE10059D20C /* Supporting Files */,
			);
			path = MarksWeather;
			sourceTree = "<group>";
		};
		E95F80BD1A55EFE10059D20C /* Supporting Files */ = {
			isa = PBXGroup;
			children = (
				E95F80BE1A55EFE10059D20C /* Info.plist */,
				E95F80BF1A55EFE10059D20C /* main.m */,
			);
			name = "Supporting Files";
			sourceTree = "<group>";
		};
		E95F80D61A55EFE10059D20C /* MarksWeatherTests */ = {
			isa = PBXGroup;
			children = (
				E95F80D91A55EFE10059D20C /* MarksWeatherTests.m */,
				E95F80D71A55EFE10059D20C /* Supporting Files */,
			);
			path = MarksWeatherTests;
			sourceTree = "<group>";
		};
		E95F80D71A55EFE10059D20C /* Supporting Files */ = {
			isa = PBXGroup;
			children = (
				E95F80D81A55EFE10059D20C /* Info.plist */,
			);
			name = "Supporting Files";
			sourceTree = "<group>";
		};
		E9946CA91A5C3F33003852F4 /* AFNetworking */ = {
			isa = PBXGroup;
			children = (
				E9946CAA1A5C3F34003852F4 /* AFHTTPRequestOperation.h */,
				E9946CAB1A5C3F34003852F4 /* AFHTTPRequestOperation.m */,
				E9946CAC1A5C3F34003852F4 /* AFHTTPRequestOperationManager.h */,
				E9946CAD1A5C3F34003852F4 /* AFHTTPRequestOperationManager.m */,
				E9946CAE1A5C3F34003852F4 /* AFHTTPSessionManager.h */,
				E9946CAF1A5C3F34003852F4 /* AFHTTPSessionManager.m */,
				E9946CB01A5C3F34003852F4 /* AFNetworking.h */,
				E9946CB11A5C3F34003852F4 /* AFNetworkReachabilityManager.h */,
				E9946CB21A5C3F34003852F4 /* AFNetworkReachabilityManager.m */,
				E9946CB31A5C3F34003852F4 /* AFSecurityPolicy.h */,
				E9946CB41A5C3F34003852F4 /* AFSecurityPolicy.m */,
				E9946CB51A5C3F34003852F4 /* AFURLConnectionOperation.h */,
				E9946CB61A5C3F34003852F4 /* AFURLConnectionOperation.m */,
				E9946CB71A5C3F34003852F4 /* AFURLRequestSerialization.h */,
				E9946CB81A5C3F34003852F4 /* AFURLRequestSerialization.m */,
				E9946CB91A5C3F34003852F4 /* AFURLResponseSerialization.h */,
				E9946CBA1A5C3F34003852F4 /* AFURLResponseSerialization.m */,
				E9946CBB1A5C3F34003852F4 /* AFURLSessionManager.h */,
				E9946CBC1A5C3F34003852F4 /* AFURLSessionManager.m */,
			);
			path = AFNetworking;
			sourceTree = "<group>";
		};
/* End PBXGroup section */

/* Begin PBXNativeTarget section */
		E95F80B91A55EFE10059D20C /* MarksWeather */ = {
			isa = PBXNativeTarget;
			buildConfigurationList = E95F80DD1A55EFE10059D20C /* Build configuration list for PBXNativeTarget "MarksWeather" */;
			buildPhases = (
				E95F80B61A55EFE10059D20C /* Sources */,
				E95F80B71A55EFE10059D20C /* Frameworks */,
				E95F80B81A55EFE10059D20C /* Resources */,
			);
			buildRules = (
			);
			dependencies = (
			);
			name = MarksWeather;
			productName = MarksWeather;
			productReference = E95F80BA1A55EFE10059D20C /* MarksWeather.app */;
			productType = "com.apple.product-type.application";
		};
		E95F80D21A55EFE10059D20C /* MarksWeatherTests */ = {
			isa = PBXNativeTarget;
			buildConfigurationList = E95F80E01A55EFE10059D20C /* Build configuration list for PBXNativeTarget "MarksWeatherTests" */;
			buildPhases = (
				E95F80CF1A55EFE10059D20C /* Sources */,
				E95F80D01A55EFE10059D20C /* Frameworks */,
				E95F80D11A55EFE10059D20C /* Resources */,
			);
			buildRules = (
			);
			dependencies = (
				E95F80D51A55EFE10059D20C /* PBXTargetDependency */,
			);
			name = MarksWeatherTests;
			productName = MarksWeatherTests;
			productReference = E95F80D31A55EFE10059D20C /* MarksWeatherTests.xctest */;
			productType = "com.apple.product-type.bundle.unit-test";
		};
/* End PBXNativeTarget section */

/* Begin PBXProject section */
		E95F80B21A55EFE10059D20C /* Project object */ = {
			isa = PBXProject;
			attributes = {
				LastUpgradeCheck = 0610;
				ORGANIZATIONNAME = MC;
				TargetAttributes = {
					E95F80B91A55EFE10059D20C = {
						CreatedOnToolsVersion = 6.1.1;
					};
					E95F80D21A55EFE10059D20C = {
						CreatedOnToolsVersion = 6.1.1;
						TestTargetID = E95F80B91A55EFE10059D20C;
					};
				};
			};
			buildConfigurationList = E95F80B51A55EFE10059D20C /* Build configuration list for PBXProject "MarksWeather" */;
			compatibilityVersion = "Xcode 3.2";
			developmentRegion = English;
			hasScannedForEncodings = 0;
			knownRegions = (
				en,
				Base,
			);
			mainGroup = E95F80B11A55EFE10059D20C;
			productRefGroup = E95F80BB1A55EFE10059D20C /* Products */;
			projectDirPath = "";
			projectRoot = "";
			targets = (
				E95F80B91A55EFE10059D20C /* MarksWeather */,
				E95F80D21A55EFE10059D20C /* MarksWeatherTests */,
			);
		};
/* End PBXProject section */

/* Begin PBXResourcesBuildPhase section */
		E95F80B81A55EFE10059D20C /* Resources */ = {
			isa = PBXResourcesBuildPhase;
			buildActionMask = 2147483647;
			files = (
				E96DFBCF1A564A4E0069D790 /* BackImage.png in Resources */,
				E96DFBD01A564A4E0069D790 /* NNxjwcM.png in Resources */,
				E9EEA8F11A5C26F100AFBD3D /* LogoSmall.png in Resources */,
				E95F80C91A55EFE10059D20C /* Main.storyboard in Resources */,
				E95F80CE1A55EFE10059D20C /* LaunchScreen.xib in Resources */,
				E93AC1F71A5C3AEA00E09F70 /* LogoSmallSnow.png in Resources */,
				E93AC1F81A5C3AEA00E09F70 /* LogoSmallStorm.png in Resources */,
				E95F80CB1A55EFE10059D20C /* Images.xcassets in Resources */,
				E93AC1F61A5C3AEA00E09F70 /* LogoSmallRain.png in Resources */,
			);
			runOnlyForDeploymentPostprocessing = 0;
		};
		E95F80D11A55EFE10059D20C /* Resources */ = {
			isa = PBXResourcesBuildPhase;
			buildActionMask = 2147483647;
			files = (
			);
			runOnlyForDeploymentPostprocessing = 0;
		};
/* End PBXResourcesBuildPhase section */

/* Begin PBXSourcesBuildPhase section */
		E95F80B61A55EFE10059D20C /* Sources */ = {
			isa = PBXSourcesBuildPhase;
			buildActionMask = 2147483647;
			files = (
				E9946CC21A5C3F34003852F4 /* AFURLConnectionOperation.m in Sources */,
				E9946CBD1A5C3F34003852F4 /* AFHTTPRequestOperation.m in Sources */,
				E9946CC01A5C3F34003852F4 /* AFNetworkReachabilityManager.m in Sources */,
				E9946CC51A5C3F34003852F4 /* AFURLSessionManager.m in Sources */,
				E9946CC31A5C3F34003852F4 /* AFURLRequestSerialization.m in Sources */,
				E95F80C61A55EFE10059D20C /* ViewController.m in Sources */,
				E9946CC41A5C3F34003852F4 /* AFURLResponseSerialization.m in Sources */,
				E95F81021A5600300059D20C /* Weather.m in Sources */,
				E96DFBD31A5687CE0069D790 /* ViewController3.m in Sources */,
				E9946CBE1A5C3F34003852F4 /* AFHTTPRequestOperationManager.m in Sources */,
				E9946CC11A5C3F34003852F4 /* AFSecurityPolicy.m in Sources */,
				E95F80C31A55EFE10059D20C /* AppDelegate.m in Sources */,
				E95F80C01A55EFE10059D20C /* main.m in Sources */,
				E9946CBF1A5C3F34003852F4 /* AFHTTPSessionManager.m in Sources */,
			);
			runOnlyForDeploymentPostprocessing = 0;
		};
		E95F80CF1A55EFE10059D20C /* Sources */ = {
			isa = PBXSourcesBuildPhase;
			buildActionMask = 2147483647;
			files = (
				E95F80DA1A55EFE10059D20C /* MarksWeatherTests.m in Sources */,
			);
			runOnlyForDeploymentPostprocessing = 0;
		};
/* End PBXSourcesBuildPhase section */

/* Begin PBXTargetDependency section */
		E95F80D51A55EFE10059D20C /* PBXTargetDependency */ = {
			isa = PBXTargetDependency;
			target = E95F80B91A55EFE10059D20C /* MarksWeather */;
			targetProxy = E95F80D41A55EFE10059D20C /* PBXContainerItemProxy */;
		};
/* End PBXTargetDependency section */

/* Begin PBXVariantGroup section */
		E95F80C71A55EFE10059D20C /* Main.storyboard */ = {
			isa = PBXVariantGroup;
			children = (
				E95F80C81A55EFE10059D20C /* Base */,
			);
			name = Main.storyboard;
			sourceTree = "<group>";
		};
		E95F80CC1A55EFE10059D20C /* LaunchScreen.xib */ = {
			isa = PBXVariantGroup;
			children = (
				E95F80CD1A55EFE10059D20C /* Base */,
			);
			name = LaunchScreen.xib;
			sourceTree = "<group>";
		};
/* End PBXVariantGroup section */

/* Begin XCBuildConfiguration section */
		E95F80DB1A55EFE10059D20C /* Debug */ = {
			isa = XCBuildConfiguration;
			buildSettings = {
				ALWAYS_SEARCH_USER_PATHS = NO;
				CLANG_CXX_LANGUAGE_STANDARD = "gnu++0x";
				CLANG_CXX_LIBRARY = "libc++";
				CLANG_ENABLE_MODULES = YES;
				CLANG_ENABLE_OBJC_ARC = YES;
				CLANG_WARN_BOOL_CONVERSION = YES;
				CLANG_WARN_CONSTANT_CONVERSION = YES;
				CLANG_WARN_DIRECT_OBJC_ISA_USAGE = YES_ERROR;
				CLANG_WARN_EMPTY_BODY = YES;
				CLANG_WARN_ENUM_CONVERSION = YES;
				CLANG_WARN_INT_CONVERSION = YES;
				CLANG_WARN_OBJC_ROOT_CLASS = YES_ERROR;
				CLANG_WARN_UNREACHABLE_CODE = YES;
				CLANG_WARN__DUPLICATE_METHOD_MATCH = YES;
				"CODE_SIGN_IDENTITY[sdk=iphoneos*]" = "iPhone Developer";
				COPY_PHASE_STRIP = NO;
				ENABLE_STRICT_OBJC_MSGSEND = YES;
				GCC_C_LANGUAGE_STANDARD = gnu99;
				GCC_DYNAMIC_NO_PIC = NO;
				GCC_OPTIMIZATION_LEVEL = 0;
				GCC_PREPROCESSOR_DEFINITIONS = (
					"DEBUG=1",
					"$(inherited)",
				);
				GCC_SYMBOLS_PRIVATE_EXTERN = NO;
				GCC_WARN_64_TO_32_BIT_CONVERSION = YES;
				GCC_WARN_ABOUT_RETURN_TYPE = YES_ERROR;
				GCC_WARN_UNDECLARED_SELECTOR = YES;
				GCC_WARN_UNINITIALIZED_AUTOS = YES_AGGRESSIVE;
				GCC_WARN_UNUSED_FUNCTION = YES;
				GCC_WARN_UNUSED_VARIABLE = YES;
				IPHONEOS_DEPLOYMENT_TARGET = 8.1;
				MTL_ENABLE_DEBUG_INFO = YES;
				ONLY_ACTIVE_ARCH = YES;
				SDKROOT = iphoneos;
			};
			name = Debug;
		};
		E95F80DC1A55EFE10059D20C /* Release */ = {
			isa = XCBuildConfiguration;
			buildSettings = {
				ALWAYS_SEARCH_USER_PATHS = NO;
				CLANG_CXX_LANGUAGE_STANDARD = "gnu++0x";
				CLANG_CXX_LIBRARY = "libc++";
				CLANG_ENABLE_MODULES = YES;
				CLANG_ENABLE_OBJC_ARC = YES;
				CLANG_WARN_BOOL_CONVERSION = YES;
				CLANG_WARN_CONSTANT_CONVERSION = YES;
				CLANG_WARN_DIRECT_OBJC_ISA_USAGE = YES_ERROR;
				CLANG_WARN_EMPTY_BODY = YES;
				CLANG_WARN_ENUM_CONVERSION = YES;
				CLANG_WARN_INT_CONVERSION = YES;
				CLANG_WARN_OBJC_ROOT_CLASS = YES_ERROR;
				CLANG_WARN_UNREACHABLE_CODE = YES;
				CLANG_WARN__DUPLICATE_METHOD_MATCH = YES;
				"CODE_SIGN_IDENTITY[sdk=iphoneos*]" = "iPhone Developer";
				COPY_PHASE_STRIP = YES;
				ENABLE_NS_ASSERTIONS = NO;
				ENABLE_STRICT_OBJC_MSGSEND = YES;
				GCC_C_LANGUAGE_STANDARD = gnu99;
				GCC_WARN_64_TO_32_BIT_CONVERSION = YES;
				GCC_WARN_ABOUT_RETURN_TYPE = YES_ERROR;
				GCC_WARN_UNDECLARED_SELECTOR = YES;
				GCC_WARN_UNINITIALIZED_AUTOS = YES_AGGRESSIVE;
				GCC_WARN_UNUSED_FUNCTION = YES;
				GCC_WARN_UNUSED_VARIABLE = YES;
				IPHONEOS_DEPLOYMENT_TARGET = 8.1;
				MTL_ENABLE_DEBUG_INFO = NO;
				SDKROOT = iphoneos;
				VALIDATE_PRODUCT = YES;
			};
			name = Release;
		};
		E95F80DE1A55EFE10059D20C /* Debug */ = {
			isa = XCBuildConfiguration;
			buildSettings = {
				ASSETCATALOG_COMPILER_APPICON_NAME = AppIcon;
				INFOPLIST_FILE = MarksWeather/Info.plist;
				LD_RUNPATH_SEARCH_PATHS = "$(inherited) @executable_path/Frameworks";
				PRODUCT_NAME = "$(TARGET_NAME)";
			};
			name = Debug;
		};
		E95F80DF1A55EFE10059D20C /* Release */ = {
			isa = XCBuildConfiguration;
			buildSettings = {
				ASSETCATALOG_COMPILER_APPICON_NAME = AppIcon;
				INFOPLIST_FILE = MarksWeather/Info.plist;
				LD_RUNPATH_SEARCH_PATHS = "$(inherited) @executable_path/Frameworks";
				PRODUCT_NAME = "$(TARGET_NAME)";
			};
			name = Release;
		};
		E95F80E11A55EFE10059D20C /* Debug */ = {
			isa = XCBuildConfiguration;
			buildSettings = {
				BUNDLE_LOADER = "$(TEST_HOST)";
				FRAMEWORK_SEARCH_PATHS = (
					"$(SDKROOT)/Developer/Library/Frameworks",
					"$(inherited)",
				);
				GCC_PREPROCESSOR_DEFINITIONS = (
					"DEBUG=1",
					"$(inherited)",
				);
				INFOPLIST_FILE = MarksWeatherTests/Info.plist;
				LD_RUNPATH_SEARCH_PATHS = "$(inherited) @executable_path/Frameworks @loader_path/Frameworks";
				PRODUCT_NAME = "$(TARGET_NAME)";
				TEST_HOST = "$(BUILT_PRODUCTS_DIR)/MarksWeather.app/MarksWeather";
			};
			name = Debug;
		};
		E95F80E21A55EFE10059D20C /* Release */ = {
			isa = XCBuildConfiguration;
			buildSettings = {
				BUNDLE_LOADER = "$(TEST_HOST)";
				FRAMEWORK_SEARCH_PATHS = (
					"$(SDKROOT)/Developer/Library/Frameworks",
					"$(inherited)",
				);
				INFOPLIST_FILE = MarksWeatherTests/Info.plist;
				LD_RUNPATH_SEARCH_PATHS = "$(inherited) @executable_path/Frameworks @loader_path/Frameworks";
				PRODUCT_NAME = "$(TARGET_NAME)";
				TEST_HOST = "$(BUILT_PRODUCTS_DIR)/MarksWeather.app/MarksWeather";
			};
			name = Release;
		};
/* End XCBuildConfiguration section */

/* Begin XCConfigurationList section */
		E95F80B51A55EFE10059D20C /* Build configuration list for PBXProject "MarksWeather" */ = {
			isa = XCConfigurationList;
			buildConfigurations = (
				E95F80DB1A55EFE10059D20C /* Debug */,
				E95F80DC1A55EFE10059D20C /* Release */,
			);
			defaultConfigurationIsVisible = 0;
			defaultConfigurationName = Release;
		};
		E95F80DD1A55EFE10059D20C /* Build configuration list for PBXNativeTarget "MarksWeather" */ = {
			isa = XCConfigurationList;
			buildConfigurations = (
				E95F80DE1A55EFE10059D20C /* Debug */,
				E95F80DF1A55EFE10059D20C /* Release */,
			);
			defaultConfigurationIsVisible = 0;
			defaultConfigurationName = Release;
		};
		E95F80E01A55EFE10059D20C /* Build configuration list for PBXNativeTarget "MarksWeatherTests" */ = {
			isa = XCConfigurationList;
			buildConfigurations = (
				E95F80E11A55EFE10059D20C /* Debug */,
				E95F80E21A55EFE10059D20C /* Release */,
			);
			defaultConfigurationIsVisible = 0;
			defaultConfigurationName = Release;
		};
/* End XCConfigurationList section */
	};
	rootObject = E95F80B21A55EFE10059D20C /* Project object */;
}
